
Microsoft Visual Studio Solution File, Format Version 12.00
# Visual Studio Version 16
VisualStudioVersion = 16.0.32228.343
MinimumVisualStudioVersion = 10.0.40219.1
Project("{FAE04EC0-301F-11D3-BF4B-00C04F79EFBC}") = "Task", "Task\Task.csproj", "{6B951E9F-D3B1-4F85-802D-333767259213}"
EndProject
Global
	GlobalSection(SolutionConfigurationPlatforms) = preSolution
		Debug|Any CPU = Debug|Any CPU
		Release|Any CPU = Release|Any CPU
	EndGlobalSection
	GlobalSection(ProjectConfigurationPlatforms) = postSolution
		{6B951E9F-D3B1-4F85-802D-333767259213}.Debug|Any CPU.ActiveCfg = Debug|Any CPU
		{6B951E9F-D3B1-4F85-802D-333767259213}.Debug|Any CPU.Build.0 = Debug|Any CPU
		{6B951E9F-D3B1-4F85-802D-333767259213}.Release|Any CPU.ActiveCfg = Release|Any CPU
		{6B951E9F-D3B1-4F85-802D-333767259213}.Release|Any CPU.Build.0 = Release|Any CPU
	EndGlobalSection
	GlobalSection(SolutionProperties) = preSolution
		HideSolutionNode = FALSE
	EndGlobalSection
	GlobalSection(ExtensibilityGlobals) = postSolution
		SolutionGuid = {644551B2-B9F5-44AC-9E08-6E9ECEF86A44}
	EndGlobalSection
EndGlobal
